
Microsoft Visual Studio Solution File, Format Version 12.00
Project("{FAE04EC0-301F-11D3-BF4B-00C04F79EFBC}") = "OT1", "OT1\OT1.csproj", "{9EF4801B-BBCD-4AB9-AA9E-ACD69FE4CAE7}"
EndProject
Project("{FAE04EC0-301F-11D3-BF4B-00C04F79EFBC}") = "OT2", "OT2\OT2.csproj", "{82625940-77C9-4434-9070-5DD82CC40657}"
EndProject
Project("{FAE04EC0-301F-11D3-BF4B-00C04F79EFBC}") = "OT3", "OT3\OT3.csproj", "{07820415-F2A0-4E22-8C6F-568B0315A9D0}"
EndProject
Project("{FAE04EC0-301F-11D3-BF4B-00C04F79EFBC}") = "OT4", "OT4\OT4.csproj", "{1653E00C-50B1-4569-AAC3-395F69E77B5F}"
EndProject
Global
	GlobalSection(SolutionConfigurationPlatforms) = preSolution
		Debug|Any CPU = Debug|Any CPU
		Release|Any CPU = Release|Any CPU
	EndGlobalSection
	GlobalSection(ProjectConfigurationPlatforms) = postSolution
		{9EF4801B-BBCD-4AB9-AA9E-ACD69FE4CAE7}.Debug|Any CPU.ActiveCfg = Debug|Any CPU
		{9EF4801B-BBCD-4AB9-AA9E-ACD69FE4CAE7}.Debug|Any CPU.Build.0 = Debug|Any CPU
		{9EF4801B-BBCD-4AB9-AA9E-ACD69FE4CAE7}.Release|Any CPU.ActiveCfg = Release|Any CPU
		{9EF4801B-BBCD-4AB9-AA9E-ACD69FE4CAE7}.Release|Any CPU.Build.0 = Release|Any CPU
		{82625940-77C9-4434-9070-5DD82CC40657}.Debug|Any CPU.ActiveCfg = Debug|Any CPU
		{82625940-77C9-4434-9070-5DD82CC40657}.Debug|Any CPU.Build.0 = Debug|Any CPU
		{82625940-77C9-4434-9070-5DD82CC40657}.Release|Any CPU.ActiveCfg = Release|Any CPU
		{82625940-77C9-4434-9070-5DD82CC40657}.Release|Any CPU.Build.0 = Release|Any CPU
		{07820415-F2A0-4E22-8C6F-568B0315A9D0}.Debug|Any CPU.ActiveCfg = Debug|Any CPU
		{07820415-F2A0-4E22-8C6F-568B0315A9D0}.Debug|Any CPU.Build.0 = Debug|Any CPU
		{07820415-F2A0-4E22-8C6F-568B0315A9D0}.Release|Any CPU.ActiveCfg = Release|Any CPU
		{07820415-F2A0-4E22-8C6F-568B0315A9D0}.Release|Any CPU.Build.0 = Release|Any CPU
		{1653E00C-50B1-4569-AAC3-395F69E77B5F}.Debug|Any CPU.ActiveCfg = Debug|Any CPU
		{1653E00C-50B1-4569-AAC3-395F69E77B5F}.Debug|Any CPU.Build.0 = Debug|Any CPU
		{1653E00C-50B1-4569-AAC3-395F69E77B5F}.Release|Any CPU.ActiveCfg = Release|Any CPU
		{1653E00C-50B1-4569-AAC3-395F69E77B5F}.Release|Any CPU.Build.0 = Release|Any CPU
	EndGlobalSection
EndGlobal
